{
  "name": "npm",
  "version": "1.0.0",
  "lockfileVersion": 1,
  "requires": true,
  "dependencies": {
    "lodash": {
      "version": "4.16.1",
      "resolved": "https://registry.npmjs.org/lodash/-/lodash-4.16.1.tgz",
      "integrity": "sha1-deFfz+JyGtvWp8WYX4VSiKA/w20="
    },
    "moment": {
      "version": "2.15.1",
      "resolved": "https://registry.npmjs.org/moment/-/moment-2.15.1.tgz",
      "integrity": "sha1-6XnCop4iiI5g85byIgphGPhc2Uw=",
      "dev": true
    }
  }
}
